
Microsoft Visual Studio Solution File, Format Version 12.00
# Visual Studio Version 17
VisualStudioVersion = 17.7.34221.43
MinimumVisualStudioVersion = 10.0.40219.1
Project("{FAE04EC0-301F-11D3-BF4B-00C04F79EFBC}") = "31", "31\31.csproj", "{AA634D64-C13D-4B30-B95F-16897680D900}"
EndProject
Global
	GlobalSection(SolutionConfigurationPlatforms) = preSolution
		Debug|Any CPU = Debug|Any CPU
		Release|Any CPU = Release|Any CPU
	EndGlobalSection
	GlobalSection(ProjectConfigurationPlatforms) = postSolution
		{AA634D64-C13D-4B30-B95F-16897680D900}.Debug|Any CPU.ActiveCfg = Debug|Any CPU
		{AA634D64-C13D-4B30-B95F-16897680D900}.Debug|Any CPU.Build.0 = Debug|Any CPU
		{AA634D64-C13D-4B30-B95F-16897680D900}.Release|Any CPU.ActiveCfg = Release|Any CPU
		{AA634D64-C13D-4B30-B95F-16897680D900}.Release|Any CPU.Build.0 = Release|Any CPU
	EndGlobalSection
	GlobalSection(SolutionProperties) = preSolution
		HideSolutionNode = FALSE
	EndGlobalSection
	GlobalSection(ExtensibilityGlobals) = postSolution
		SolutionGuid = {EC19CBE6-13CB-491A-B402-49A7994D2C3B}
	EndGlobalSection
EndGlobal
